<?xml version="1.0" encoding="utf-8"?>
<Project ToolsVersion="4.0" xmlns="http://schemas.microsoft.com/developer/msbuild/2003">
  <ItemGroup>
    <Filter Include="源文件">
      <UniqueIdentifier>{4FC737F1-C7A5-4376-A066-2A32D752A2FF}</UniqueIdentifier>
      <Extensions>cpp;c;cc;cxx;def;odl;idl;hpj;bat;asm;asmx</Extensions>
    </Filter>
    <Filter Include="头文件">
      <UniqueIdentifier>{93995380-89BD-4b04-88EB-625FBE52EBFB}</UniqueIdentifier>
      <Extensions>h;hh;hpp;hxx;hm;inl;inc;ipp;xsd</Extensions>
    </Filter>
    <Filter Include="资源文件">
      <UniqueIdentifier>{67DA6AB6-F800-4c08-8B7A-83BB121AAD01}</UniqueIdentifier>
      <Extensions>rc;ico;cur;bmp;dlg;rc2;rct;bin;rgs;gif;jpg;jpeg;jpe;resx;tiff;tif;png;wav;mfcribbon-ms</Extensions>
    </Filter>
  </ItemGroup>
  <ItemGroup>
    <ClInclude Include="pch.h">
      <Filter>头文件</Filter>
    </ClInclude>
    <ClInclude Include="my_file_base.h">
      <Filter>头文件</Filter>
    </ClInclude>
    <ClInclude Include="my_file.h">
      <Filter>头文件</Filter>
    </ClInclude>
    <ClInclude Include="my_dir.h">
      <Filter>头文件</Filter>
    </ClInclude>
    <ClInclude Include="my_virtual_disk.h">
      <Filter>头文件</Filter>
    </ClInclude>
    <ClInclude Include="utils.h">
      <Filter>头文件</Filter>
    </ClInclude>
    <ClInclude Include="command.h">
      <Filter>头文件</Filter>
    </ClInclude>
    <ClInclude Include="command_factory.h">
      <Filter>头文件</Filter>
    </ClInclude>
    <ClInclude Include="command_invoker.h">
      <Filter>头文件</Filter>
    </ClInclude>
    <ClInclude Include="dir_command.h">
      <Filter>头文件</Filter>
    </ClInclude>
    <ClInclude Include="file_type.h">
      <Filter>头文件</Filter>
    </ClInclude>
    <ClInclude Include="no_command.h">
      <Filter>头文件</Filter>
    </ClInclude>
    <ClInclude Include="command_type.h">
      <Filter>头文件</Filter>
    </ClInclude>
    <ClInclude Include="quit_command.h">
      <Filter>头文件</Filter>
    </ClInclude>
    <ClInclude Include="cls_command.h">
      <Filter>头文件</Filter>
    </ClInclude>
    <ClInclude Include="unknown_command.h">
      <Filter>头文件</Filter>
    </ClInclude>
    <ClInclude Include="my_link_file.h">
      <Filter>头文件</Filter>
    </ClInclude>
    <ClInclude Include="md_command.h">
      <Filter>头文件</Filter>
    </ClInclude>
    <ClInclude Include="cd_command.h">
      <Filter>头文件</Filter>
    </ClInclude>
    <ClInclude Include="rd_command.h">
      <Filter>头文件</Filter>
    </ClInclude>
    <ClInclude Include="del_command.h">
      <Filter>头文件</Filter>
    </ClInclude>
    <ClInclude Include="copy_command.h">
      <Filter>头文件</Filter>
    </ClInclude>
    <ClInclude Include="ren_command.h">
      <Filter>头文件</Filter>
    </ClInclude>
    <ClInclude Include="move_command.h">
      <Filter>头文件</Filter>
    </ClInclude>
    <ClInclude Include="mklink_command.h">
      <Filter>头文件</Filter>
    </ClInclude>
    <ClInclude Include="save_command.h">
      <Filter>头文件</Filter>
    </ClInclude>
    <ClInclude Include="load_command.h">
      <Filter>头文件</Filter>
    </ClInclude>
    <ClInclude Include="my_link_dir.h">
      <Filter>头文件</Filter>
    </ClInclude>
  </ItemGroup>
  <ItemGroup>
    <ClCompile Include="pch.cpp">
      <Filter>源文件</Filter>
    </ClCompile>
    <ClCompile Include="my_file_base.cpp">
      <Filter>源文件</Filter>
    </ClCompile>
    <ClCompile Include="my_file.cpp">
      <Filter>源文件</Filter>
    </ClCompile>
    <ClCompile Include="my_virtual_disk.cpp">
      <Filter>源文件</Filter>
    </ClCompile>
    <ClCompile Include="my_dir.cpp">
      <Filter>源文件</Filter>
    </ClCompile>
    <ClCompile Include="main.cpp">
      <Filter>源文件</Filter>
    </ClCompile>
    <ClCompile Include="utils.cpp">
      <Filter>源文件</Filter>
    </ClCompile>
    <ClCompile Include="command.cpp">
      <Filter>源文件</Filter>
    </ClCompile>
    <ClCompile Include="command_factory.cpp">
      <Filter>源文件</Filter>
    </ClCompile>
    <ClCompile Include="command_invoker.cpp">
      <Filter>源文件</Filter>
    </ClCompile>
    <ClCompile Include="dir_command.cpp">
      <Filter>源文件</Filter>
    </ClCompile>
    <ClCompile Include="no_command.cpp">
      <Filter>源文件</Filter>
    </ClCompile>
    <ClCompile Include="quit_command.cpp">
      <Filter>源文件</Filter>
    </ClCompile>
    <ClCompile Include="cls_command.cpp">
      <Filter>源文件</Filter>
    </ClCompile>
    <ClCompile Include="unknown_command.cpp">
      <Filter>源文件</Filter>
    </ClCompile>
    <ClCompile Include="my_link_file.cpp">
      <Filter>源文件</Filter>
    </ClCompile>
    <ClCompile Include="md_command.cpp">
      <Filter>源文件</Filter>
    </ClCompile>
    <ClCompile Include="cd_command.cpp">
      <Filter>源文件</Filter>
    </ClCompile>
    <ClCompile Include="rd_command.cpp">
      <Filter>源文件</Filter>
    </ClCompile>
    <ClCompile Include="del_command.cpp">
      <Filter>源文件</Filter>
    </ClCompile>
    <ClCompile Include="ren_command.cpp">
      <Filter>源文件</Filter>
    </ClCompile>
    <ClCompile Include="copy_command.cpp">
      <Filter>源文件</Filter>
    </ClCompile>
    <ClCompile Include="move_command.cpp">
      <Filter>源文件</Filter>
    </ClCompile>
    <ClCompile Include="mklink_command.cpp">
      <Filter>源文件</Filter>
    </ClCompile>
    <ClCompile Include="save_command.cpp">
      <Filter>源文件</Filter>
    </ClCompile>
    <ClCompile Include="load_command.cpp">
      <Filter>源文件</Filter>
    </ClCompile>
    <ClCompile Include="my_link_dir.cpp">
      <Filter>源文件</Filter>
    </ClCompile>
  </ItemGroup>
</Project>